{
  "nodes": {
    "flake-utils": {
      "locked": {
        "lastModified": 1656065134,
        "narHash": "sha256-oc6E6ByIw3oJaIyc67maaFcnjYOz1mMcOtHxbEf9NwQ=",
        "owner": "numtide",
        "repo": "flake-utils",
        "rev": "bee6a7250dd1b01844a2de7e02e4df7d8a0a206c",
        "type": "github"
      },
      "original": {
        "owner": "numtide",
        "repo": "flake-utils",
        "type": "github"
      }
    },
    "nixpkgs": {
      "locked": {
        "lastModified": 1655819575,
        "narHash": "sha256-st4XTpKu1/C9pBZk3rShhpQYhqVaYwtsth+6rRXj794=",
        "owner": "dguibert",
        "repo": "nixpkgs",
        "rev": "6a09a0d4aa384060f05d7953c2ad6793891449f2",
        "type": "github"
      },
      "original": {
        "owner": "dguibert",
        "ref": "dg/fix-replacestdenv-coreutils",
        "repo": "nixpkgs",
        "type": "github"
      }
    },
    "root": {
      "inputs": {
        "flake-utils": "flake-utils",
        "nixpkgs": "nixpkgs",
        "rust-overlay": "rust-overlay"
      }
    },
    "rust-overlay": {
      "inputs": {
        "flake-utils": [
          "flake-utils"
        ],
        "nixpkgs": [
          "nixpkgs"
        ]
      },
      "locked": {
        "lastModified": 1656730247,
        "narHash": "sha256-UTQm1xRDBxbwIJ5bKIj+PNHsi0YPplvWjJLG5KPt0KU=",
        "owner": "oxalica",
        "repo": "rust-overlay",
        "rev": "be0b8a7cbf95d43f23ef0bfa781d644a43c75396",
        "type": "github"
      },
      "original": {
        "owner": "oxalica",
        "repo": "rust-overlay",
        "type": "github"
      }
    }
  },
  "root": "root",
  "version": 7
}
