{
  "nodes": {
    "flake-utils": {
      "locked": {
        "lastModified": 1656065134,
        "narHash": "sha256-oc6E6ByIw3oJaIyc67maaFcnjYOz1mMcOtHxbEf9NwQ=",
        "owner": "numtide",
        "repo": "flake-utils",
        "rev": "bee6a7250dd1b01844a2de7e02e4df7d8a0a206c",
        "type": "github"
      },
      "original": {
        "owner": "numtide",
        "repo": "flake-utils",
        "type": "github"
      }
    },
    "nixpkgs": {
      "locked": {
        "lastModified": 1655819575,
        "narHash": "sha256-st4XTpKu1/C9pBZk3rShhpQYhqVaYwtsth+6rRXj794=",
        "owner": "dguibert",
        "repo": "nixpkgs",
        "rev": "6a09a0d4aa384060f05d7953c2ad6793891449f2",
        "type": "github"
      },
      "original": {
        "owner": "dguibert",
        "ref": "dg/fix-replacestdenv-coreutils",
        "repo": "nixpkgs",
        "type": "github"
      }
    },
    "root": {
      "inputs": {
        "flake-utils": "flake-utils",
        "nixpkgs": "nixpkgs",
        "rust-overlay": "rust-overlay"
      }
    },
    "rust-overlay": {
      "inputs": {
        "flake-utils": [
          "flake-utils"
        ],
        "nixpkgs": [
          "nixpkgs"
        ]
      },
      "locked": {
        "lastModified": 1662260299,
        "narHash": "sha256-FYJk/Pn+VuSyl5Q3KXwTmOD7hprlv3CZPIRMGGT61IM=",
        "owner": "oxalica",
        "repo": "rust-overlay",
        "rev": "fe73170ff8b29c4230c26b85e82c25c73c35481d",
        "type": "github"
      },
      "original": {
        "owner": "oxalica",
        "repo": "rust-overlay",
        "type": "github"
      }
    }
  },
  "root": "root",
  "version": 7
}
